// !$*UTF8*$!
{
	archiveVersion = 1;
	classes = {
	};
	objectVersion = 56;
	objects = {

/* Begin PBXBuildFile section */
		1B1F4DFB2A886AA200F534A3 /* CoordinatorTestApp.swift in Sources */ = {isa = PBXBuildFile; fileRef = 1B1F4DFA2A886AA200F534A3 /* CoordinatorTestApp.swift */; };
		1B1F4DFD2A886AA200F534A3 /* ContentView.swift in Sources */ = {isa = PBXBuildFile; fileRef = 1B1F4DFC2A886AA200F534A3 /* ContentView.swift */; };
		1B1F4DFF2A886AA400F534A3 /* Assets.xcassets in Resources */ = {isa = PBXBuildFile; fileRef = 1B1F4DFE2A886AA400F534A3 /* Assets.xcassets */; };
		1B1F4E022A886AA400F534A3 /* Preview Assets.xcassets in Resources */ = {isa = PBXBuildFile; fileRef = 1B1F4E012A886AA400F534A3 /* Preview Assets.xcassets */; };
		1B1F4E092A886AC600F534A3 /* SessionManager.swift in Sources */ = {isa = PBXBuildFile; fileRef = 1B1F4E082A886AC600F534A3 /* SessionManager.swift */; };
		1B1F4E0B2A886B3200F534A3 /* A.swift in Sources */ = {isa = PBXBuildFile; fileRef = 1B1F4E0A2A886B3200F534A3 /* A.swift */; };
		1B1F4E0D2A886B3600F534A3 /* B.swift in Sources */ = {isa = PBXBuildFile; fileRef = 1B1F4E0C2A886B3600F534A3 /* B.swift */; };
		1B1F4E0F2A886B3F00F534A3 /* C.swift in Sources */ = {isa = PBXBuildFile; fileRef = 1B1F4E0E2A886B3F00F534A3 /* C.swift */; };
		1B1F4E112A886B4200F534A3 /* D.swift in Sources */ = {isa = PBXBuildFile; fileRef = 1B1F4E102A886B4200F534A3 /* D.swift */; };
		1B1F4E132A886B4500F534A3 /* E.swift in Sources */ = {isa = PBXBuildFile; fileRef = 1B1F4E122A886B4500F534A3 /* E.swift */; };
		1B1F4E152A886B4800F534A3 /* F.swift in Sources */ = {isa = PBXBuildFile; fileRef = 1B1F4E142A886B4800F534A3 /* F.swift */; };
		1B1F4E172A886B4A00F534A3 /* G.swift in Sources */ = {isa = PBXBuildFile; fileRef = 1B1F4E162A886B4A00F534A3 /* G.swift */; };
		1B1F4E192A886B5000F534A3 /* H.swift in Sources */ = {isa = PBXBuildFile; fileRef = 1B1F4E182A886B5000F534A3 /* H.swift */; };
		1B1F4E1C2A886B5F00F534A3 /* StartView.swift in Sources */ = {isa = PBXBuildFile; fileRef = 1B1F4E1B2A886B5F00F534A3 /* StartView.swift */; };
		1B1F4E1E2A886B7700F534A3 /* StartNormalView.swift in Sources */ = {isa = PBXBuildFile; fileRef = 1B1F4E1D2A886B7700F534A3 /* StartNormalView.swift */; };
		1B1F4E202A88712F00F534A3 /* Coordinator.swift in Sources */ = {isa = PBXBuildFile; fileRef = 1B1F4E1F2A88712F00F534A3 /* Coordinator.swift */; };
		1B1F4E272A88A97A00F534A3 /* NA.swift in Sources */ = {isa = PBXBuildFile; fileRef = 1B1F4E262A88A97A00F534A3 /* NA.swift */; };
		1B1F4E292A88A97D00F534A3 /* NB.swift in Sources */ = {isa = PBXBuildFile; fileRef = 1B1F4E282A88A97D00F534A3 /* NB.swift */; };
		1B1F4E2B2A88A98100F534A3 /* NC.swift in Sources */ = {isa = PBXBuildFile; fileRef = 1B1F4E2A2A88A98100F534A3 /* NC.swift */; };
		1B1F4E2D2A88A98700F534A3 /* ND.swift in Sources */ = {isa = PBXBuildFile; fileRef = 1B1F4E2C2A88A98700F534A3 /* ND.swift */; };
		1B1F4E2F2A88A98B00F534A3 /* NE.swift in Sources */ = {isa = PBXBuildFile; fileRef = 1B1F4E2E2A88A98B00F534A3 /* NE.swift */; };
		1B1F4E312A88A98D00F534A3 /* NF.swift in Sources */ = {isa = PBXBuildFile; fileRef = 1B1F4E302A88A98D00F534A3 /* NF.swift */; };
		1B1F4E332A88A99100F534A3 /* NG.swift in Sources */ = {isa = PBXBuildFile; fileRef = 1B1F4E322A88A99100F534A3 /* NG.swift */; };
		1B1F4E352A88A99400F534A3 /* NH.swift in Sources */ = {isa = PBXBuildFile; fileRef = 1B1F4E342A88A99400F534A3 /* NH.swift */; };
/* End PBXBuildFile section */

/* Begin PBXFileReference section */
		1B1F4DF72A886AA200F534A3 /* CoordinatorTest.app */ = {isa = PBXFileReference; explicitFileType = wrapper.application; includeInIndex = 0; path = CoordinatorTest.app; sourceTree = BUILT_PRODUCTS_DIR; };
		1B1F4DFA2A886AA200F534A3 /* CoordinatorTestApp.swift */ = {isa = PBXFileReference; lastKnownFileType = sourcecode.swift; path = CoordinatorTestApp.swift; sourceTree = "<group>"; };
		1B1F4DFC2A886AA200F534A3 /* ContentView.swift */ = {isa = PBXFileReference; lastKnownFileType = sourcecode.swift; path = ContentView.swift; sourceTree = "<group>"; };
		1B1F4DFE2A886AA400F534A3 /* Assets.xcassets */ = {isa = PBXFileReference; lastKnownFileType = folder.assetcatalog; path = Assets.xcassets; sourceTree = "<group>"; };
		1B1F4E012A886AA400F534A3 /* Preview Assets.xcassets */ = {isa = PBXFileReference; lastKnownFileType = folder.assetcatalog; path = "Preview Assets.xcassets"; sourceTree = "<group>"; };
		1B1F4E082A886AC600F534A3 /* SessionManager.swift */ = {isa = PBXFileReference; lastKnownFileType = sourcecode.swift; path = SessionManager.swift; sourceTree = "<group>"; };
		1B1F4E0A2A886B3200F534A3 /* A.swift */ = {isa = PBXFileReference; lastKnownFileType = sourcecode.swift; path = A.swift; sourceTree = "<group>"; };
		1B1F4E0C2A886B3600F534A3 /* B.swift */ = {isa = PBXFileReference; lastKnownFileType = sourcecode.swift; path = B.swift; sourceTree = "<group>"; };
		1B1F4E0E2A886B3F00F534A3 /* C.swift */ = {isa = PBXFileReference; lastKnownFileType = sourcecode.swift; path = C.swift; sourceTree = "<group>"; };
		1B1F4E102A886B4200F534A3 /* D.swift */ = {isa = PBXFileReference; lastKnownFileType = sourcecode.swift; path = D.swift; sourceTree = "<group>"; };
		1B1F4E122A886B4500F534A3 /* E.swift */ = {isa = PBXFileReference; lastKnownFileType = sourcecode.swift; path = E.swift; sourceTree = "<group>"; };
		1B1F4E142A886B4800F534A3 /* F.swift */ = {isa = PBXFileReference; lastKnownFileType = sourcecode.swift; path = F.swift; sourceTree = "<group>"; };
		1B1F4E162A886B4A00F534A3 /* G.swift */ = {isa = PBXFileReference; lastKnownFileType = sourcecode.swift; path = G.swift; sourceTree = "<group>"; };
		1B1F4E182A886B5000F534A3 /* H.swift */ = {isa = PBXFileReference; lastKnownFileType = sourcecode.swift; path = H.swift; sourceTree = "<group>"; };
		1B1F4E1B2A886B5F00F534A3 /* StartView.swift */ = {isa = PBXFileReference; lastKnownFileType = sourcecode.swift; path = StartView.swift; sourceTree = "<group>"; };
		1B1F4E1D2A886B7700F534A3 /* StartNormalView.swift */ = {isa = PBXFileReference; lastKnownFileType = sourcecode.swift; path = StartNormalView.swift; sourceTree = "<group>"; };
		1B1F4E1F2A88712F00F534A3 /* Coordinator.swift */ = {isa = PBXFileReference; lastKnownFileType = sourcecode.swift; path = Coordinator.swift; sourceTree = "<group>"; };
		1B1F4E262A88A97A00F534A3 /* NA.swift */ = {isa = PBXFileReference; lastKnownFileType = sourcecode.swift; path = NA.swift; sourceTree = "<group>"; };
		1B1F4E282A88A97D00F534A3 /* NB.swift */ = {isa = PBXFileReference; lastKnownFileType = sourcecode.swift; path = NB.swift; sourceTree = "<group>"; };
		1B1F4E2A2A88A98100F534A3 /* NC.swift */ = {isa = PBXFileReference; lastKnownFileType = sourcecode.swift; path = NC.swift; sourceTree = "<group>"; };
		1B1F4E2C2A88A98700F534A3 /* ND.swift */ = {isa = PBXFileReference; lastKnownFileType = sourcecode.swift; path = ND.swift; sourceTree = "<group>"; };
		1B1F4E2E2A88A98B00F534A3 /* NE.swift */ = {isa = PBXFileReference; lastKnownFileType = sourcecode.swift; path = NE.swift; sourceTree = "<group>"; };
		1B1F4E302A88A98D00F534A3 /* NF.swift */ = {isa = PBXFileReference; lastKnownFileType = sourcecode.swift; path = NF.swift; sourceTree = "<group>"; };
		1B1F4E322A88A99100F534A3 /* NG.swift */ = {isa = PBXFileReference; lastKnownFileType = sourcecode.swift; path = NG.swift; sourceTree = "<group>"; };
		1B1F4E342A88A99400F534A3 /* NH.swift */ = {isa = PBXFileReference; lastKnownFileType = sourcecode.swift; path = NH.swift; sourceTree = "<group>"; };
/* End PBXFileReference section */

/* Begin PBXFrameworksBuildPhase section */
		1B1F4DF42A886AA200F534A3 /* Frameworks */ = {
			isa = PBXFrameworksBuildPhase;
			buildActionMask = 2147483647;
			files = (
			);
			runOnlyForDeploymentPostprocessing = 0;
		};
/* End PBXFrameworksBuildPhase section */

/* Begin PBXGroup section */
		1B1F4DEE2A886AA200F534A3 = {
			isa = PBXGroup;
			children = (
				1B1F4DF92A886AA200F534A3 /* CoordinatorTest */,
				1B1F4DF82A886AA200F534A3 /* Products */,
			);
			sourceTree = "<group>";
		};
		1B1F4DF82A886AA200F534A3 /* Products */ = {
			isa = PBXGroup;
			children = (
				1B1F4DF72A886AA200F534A3 /* CoordinatorTest.app */,
			);
			name = Products;
			sourceTree = "<group>";
		};
		1B1F4DF92A886AA200F534A3 /* CoordinatorTest */ = {
			isa = PBXGroup;
			children = (
				1B1F4DFA2A886AA200F534A3 /* CoordinatorTestApp.swift */,
				1B1F4DFC2A886AA200F534A3 /* ContentView.swift */,
				1B1F4E1B2A886B5F00F534A3 /* StartView.swift */,
				1B1F4E1D2A886B7700F534A3 /* StartNormalView.swift */,
				1B1F4E082A886AC600F534A3 /* SessionManager.swift */,
				1B1F4E1A2A886B5400F534A3 /* Views */,
				1B1F4E252A88A96900F534A3 /* NormalViews */,
				1B1F4DFE2A886AA400F534A3 /* Assets.xcassets */,
				1B1F4E002A886AA400F534A3 /* Preview Content */,
			);
			path = CoordinatorTest;
			sourceTree = "<group>";
		};
		1B1F4E002A886AA400F534A3 /* Preview Content */ = {
			isa = PBXGroup;
			children = (
				1B1F4E012A886AA400F534A3 /* Preview Assets.xcassets */,
			);
			path = "Preview Content";
			sourceTree = "<group>";
		};
		1B1F4E1A2A886B5400F534A3 /* Views */ = {
			isa = PBXGroup;
			children = (
				1B1F4E0A2A886B3200F534A3 /* A.swift */,
				1B1F4E0C2A886B3600F534A3 /* B.swift */,
				1B1F4E0E2A886B3F00F534A3 /* C.swift */,
				1B1F4E102A886B4200F534A3 /* D.swift */,
				1B1F4E122A886B4500F534A3 /* E.swift */,
				1B1F4E142A886B4800F534A3 /* F.swift */,
				1B1F4E162A886B4A00F534A3 /* G.swift */,
				1B1F4E182A886B5000F534A3 /* H.swift */,
				1B1F4E1F2A88712F00F534A3 /* Coordinator.swift */,
			);
			path = Views;
			sourceTree = "<group>";
		};
		1B1F4E252A88A96900F534A3 /* NormalViews */ = {
			isa = PBXGroup;
			children = (
				1B1F4E262A88A97A00F534A3 /* NA.swift */,
				1B1F4E282A88A97D00F534A3 /* NB.swift */,
				1B1F4E2A2A88A98100F534A3 /* NC.swift */,
				1B1F4E2C2A88A98700F534A3 /* ND.swift */,
				1B1F4E2E2A88A98B00F534A3 /* NE.swift */,
				1B1F4E302A88A98D00F534A3 /* NF.swift */,
				1B1F4E322A88A99100F534A3 /* NG.swift */,
				1B1F4E342A88A99400F534A3 /* NH.swift */,
			);
			path = NormalViews;
			sourceTree = "<group>";
		};
/* End PBXGroup section */

/* Begin PBXNativeTarget section */
		1B1F4DF62A886AA200F534A3 /* CoordinatorTest */ = {
			isa = PBXNativeTarget;
			buildConfigurationList = 1B1F4E052A886AA400F534A3 /* Build configuration list for PBXNativeTarget "CoordinatorTest" */;
			buildPhases = (
				1B1F4DF32A886AA200F534A3 /* Sources */,
				1B1F4DF42A886AA200F534A3 /* Frameworks */,
				1B1F4DF52A886AA200F534A3 /* Resources */,
			);
			buildRules = (
			);
			dependencies = (
			);
			name = CoordinatorTest;
			productName = CoordinatorTest;
			productReference = 1B1F4DF72A886AA200F534A3 /* CoordinatorTest.app */;
			productType = "com.apple.product-type.application";
		};
/* End PBXNativeTarget section */

/* Begin PBXProject section */
		1B1F4DEF2A886AA200F534A3 /* Project object */ = {
			isa = PBXProject;
			attributes = {
				BuildIndependentTargetsInParallel = 1;
				LastSwiftUpdateCheck = 1420;
				LastUpgradeCheck = 1420;
				TargetAttributes = {
					1B1F4DF62A886AA200F534A3 = {
						CreatedOnToolsVersion = 14.2;
					};
				};
			};
			buildConfigurationList = 1B1F4DF22A886AA200F534A3 /* Build configuration list for PBXProject "CoordinatorTest" */;
			compatibilityVersion = "Xcode 14.0";
			developmentRegion = en;
			hasScannedForEncodings = 0;
			knownRegions = (
				en,
				Base,
			);
			mainGroup = 1B1F4DEE2A886AA200F534A3;
			productRefGroup = 1B1F4DF82A886AA200F534A3 /* Products */;
			projectDirPath = "";
			projectRoot = "";
			targets = (
				1B1F4DF62A886AA200F534A3 /* CoordinatorTest */,
			);
		};
/* End PBXProject section */

/* Begin PBXResourcesBuildPhase section */
		1B1F4DF52A886AA200F534A3 /* Resources */ = {
			isa = PBXResourcesBuildPhase;
			buildActionMask = 2147483647;
			files = (
				1B1F4E022A886AA400F534A3 /* Preview Assets.xcassets in Resources */,
				1B1F4DFF2A886AA400F534A3 /* Assets.xcassets in Resources */,
			);
			runOnlyForDeploymentPostprocessing = 0;
		};
/* End PBXResourcesBuildPhase section */

/* Begin PBXSourcesBuildPhase section */
		1B1F4DF32A886AA200F534A3 /* Sources */ = {
			isa = PBXSourcesBuildPhase;
			buildActionMask = 2147483647;
			files = (
				1B1F4DFD2A886AA200F534A3 /* ContentView.swift in Sources */,
				1B1F4E112A886B4200F534A3 /* D.swift in Sources */,
				1B1F4DFB2A886AA200F534A3 /* CoordinatorTestApp.swift in Sources */,
				1B1F4E312A88A98D00F534A3 /* NF.swift in Sources */,
				1B1F4E2B2A88A98100F534A3 /* NC.swift in Sources */,
				1B1F4E352A88A99400F534A3 /* NH.swift in Sources */,
				1B1F4E292A88A97D00F534A3 /* NB.swift in Sources */,
				1B1F4E1C2A886B5F00F534A3 /* StartView.swift in Sources */,
				1B1F4E152A886B4800F534A3 /* F.swift in Sources */,
				1B1F4E0D2A886B3600F534A3 /* B.swift in Sources */,
				1B1F4E202A88712F00F534A3 /* Coordinator.swift in Sources */,
				1B1F4E1E2A886B7700F534A3 /* StartNormalView.swift in Sources */,
				1B1F4E332A88A99100F534A3 /* NG.swift in Sources */,
				1B1F4E272A88A97A00F534A3 /* NA.swift in Sources */,
				1B1F4E2D2A88A98700F534A3 /* ND.swift in Sources */,
				1B1F4E0F2A886B3F00F534A3 /* C.swift in Sources */,
				1B1F4E092A886AC600F534A3 /* SessionManager.swift in Sources */,
				1B1F4E172A886B4A00F534A3 /* G.swift in Sources */,
				1B1F4E0B2A886B3200F534A3 /* A.swift in Sources */,
				1B1F4E192A886B5000F534A3 /* H.swift in Sources */,
				1B1F4E2F2A88A98B00F534A3 /* NE.swift in Sources */,
				1B1F4E132A886B4500F534A3 /* E.swift in Sources */,
			);
			runOnlyForDeploymentPostprocessing = 0;
		};
/* End PBXSourcesBuildPhase section */

/* Begin XCBuildConfiguration section */
		1B1F4E032A886AA400F534A3 /* Debug */ = {
			isa = XCBuildConfiguration;
			buildSettings = {
				ALWAYS_SEARCH_USER_PATHS = NO;
				CLANG_ANALYZER_NONNULL = YES;
				CLANG_ANALYZER_NUMBER_OBJECT_CONVERSION = YES_AGGRESSIVE;
				CLANG_CXX_LANGUAGE_STANDARD = "gnu++20";
				CLANG_ENABLE_MODULES = YES;
				CLANG_ENABLE_OBJC_ARC = YES;
				CLANG_ENABLE_OBJC_WEAK = YES;
				CLANG_WARN_BLOCK_CAPTURE_AUTORELEASING = YES;
				CLANG_WARN_BOOL_CONVERSION = YES;
				CLANG_WARN_COMMA = YES;
				CLANG_WARN_CONSTANT_CONVERSION = YES;
				CLANG_WARN_DEPRECATED_OBJC_IMPLEMENTATIONS = YES;
				CLANG_WARN_DIRECT_OBJC_ISA_USAGE = YES_ERROR;
				CLANG_WARN_DOCUMENTATION_COMMENTS = YES;
				CLANG_WARN_EMPTY_BODY = YES;
				CLANG_WARN_ENUM_CONVERSION = YES;
				CLANG_WARN_INFINITE_RECURSION = YES;
				CLANG_WARN_INT_CONVERSION = YES;
				CLANG_WARN_NON_LITERAL_NULL_CONVERSION = YES;
				CLANG_WARN_OBJC_IMPLICIT_RETAIN_SELF = YES;
				CLANG_WARN_OBJC_LITERAL_CONVERSION = YES;
				CLANG_WARN_OBJC_ROOT_CLASS = YES_ERROR;
				CLANG_WARN_QUOTED_INCLUDE_IN_FRAMEWORK_HEADER = YES;
				CLANG_WARN_RANGE_LOOP_ANALYSIS = YES;
				CLANG_WARN_STRICT_PROTOTYPES = YES;
				CLANG_WARN_SUSPICIOUS_MOVE = YES;
				CLANG_WARN_UNGUARDED_AVAILABILITY = YES_AGGRESSIVE;
				CLANG_WARN_UNREACHABLE_CODE = YES;
				CLANG_WARN__DUPLICATE_METHOD_MATCH = YES;
				COPY_PHASE_STRIP = NO;
				DEBUG_INFORMATION_FORMAT = dwarf;
				ENABLE_STRICT_OBJC_MSGSEND = YES;
				ENABLE_TESTABILITY = YES;
				GCC_C_LANGUAGE_STANDARD = gnu11;
				GCC_DYNAMIC_NO_PIC = NO;
				GCC_NO_COMMON_BLOCKS = YES;
				GCC_OPTIMIZATION_LEVEL = 0;
				GCC_PREPROCESSOR_DEFINITIONS = (
					"DEBUG=1",
					"$(inherited)",
				);
				GCC_WARN_64_TO_32_BIT_CONVERSION = YES;
				GCC_WARN_ABOUT_RETURN_TYPE = YES_ERROR;
				GCC_WARN_UNDECLARED_SELECTOR = YES;
				GCC_WARN_UNINITIALIZED_AUTOS = YES_AGGRESSIVE;
				GCC_WARN_UNUSED_FUNCTION = YES;
				GCC_WARN_UNUSED_VARIABLE = YES;
				IPHONEOS_DEPLOYMENT_TARGET = 14.0;
				MTL_ENABLE_DEBUG_INFO = INCLUDE_SOURCE;
				MTL_FAST_MATH = YES;
				ONLY_ACTIVE_ARCH = YES;
				SDKROOT = iphoneos;
				SWIFT_ACTIVE_COMPILATION_CONDITIONS = DEBUG;
				SWIFT_OPTIMIZATION_LEVEL = "-Onone";
			};
			name = Debug;
		};
		1B1F4E042A886AA400F534A3 /* Release */ = {
			isa = XCBuildConfiguration;
			buildSettings = {
				ALWAYS_SEARCH_USER_PATHS = NO;
				CLANG_ANALYZER_NONNULL = YES;
				CLANG_ANALYZER_NUMBER_OBJECT_CONVERSION = YES_AGGRESSIVE;
				CLANG_CXX_LANGUAGE_STANDARD = "gnu++20";
				CLANG_ENABLE_MODULES = YES;
				CLANG_ENABLE_OBJC_ARC = YES;
				CLANG_ENABLE_OBJC_WEAK = YES;
				CLANG_WARN_BLOCK_CAPTURE_AUTORELEASING = YES;
				CLANG_WARN_BOOL_CONVERSION = YES;
				CLANG_WARN_COMMA = YES;
				CLANG_WARN_CONSTANT_CONVERSION = YES;
				CLANG_WARN_DEPRECATED_OBJC_IMPLEMENTATIONS = YES;
				CLANG_WARN_DIRECT_OBJC_ISA_USAGE = YES_ERROR;
				CLANG_WARN_DOCUMENTATION_COMMENTS = YES;
				CLANG_WARN_EMPTY_BODY = YES;
				CLANG_WARN_ENUM_CONVERSION = YES;
				CLANG_WARN_INFINITE_RECURSION = YES;
				CLANG_WARN_INT_CONVERSION = YES;
				CLANG_WARN_NON_LITERAL_NULL_CONVERSION = YES;
				CLANG_WARN_OBJC_IMPLICIT_RETAIN_SELF = YES;
				CLANG_WARN_OBJC_LITERAL_CONVERSION = YES;
				CLANG_WARN_OBJC_ROOT_CLASS = YES_ERROR;
				CLANG_WARN_QUOTED_INCLUDE_IN_FRAMEWORK_HEADER = YES;
				CLANG_WARN_RANGE_LOOP_ANALYSIS = YES;
				CLANG_WARN_STRICT_PROTOTYPES = YES;
				CLANG_WARN_SUSPICIOUS_MOVE = YES;
				CLANG_WARN_UNGUARDED_AVAILABILITY = YES_AGGRESSIVE;
				CLANG_WARN_UNREACHABLE_CODE = YES;
				CLANG_WARN__DUPLICATE_METHOD_MATCH = YES;
				COPY_PHASE_STRIP = NO;
				DEBUG_INFORMATION_FORMAT = "dwarf-with-dsym";
				ENABLE_NS_ASSERTIONS = NO;
				ENABLE_STRICT_OBJC_MSGSEND = YES;
				GCC_C_LANGUAGE_STANDARD = gnu11;
				GCC_NO_COMMON_BLOCKS = YES;
				GCC_WARN_64_TO_32_BIT_CONVERSION = YES;
				GCC_WARN_ABOUT_RETURN_TYPE = YES_ERROR;
				GCC_WARN_UNDECLARED_SELECTOR = YES;
				GCC_WARN_UNINITIALIZED_AUTOS = YES_AGGRESSIVE;
				GCC_WARN_UNUSED_FUNCTION = YES;
				GCC_WARN_UNUSED_VARIABLE = YES;
				IPHONEOS_DEPLOYMENT_TARGET = 14.0;
				MTL_ENABLE_DEBUG_INFO = NO;
				MTL_FAST_MATH = YES;
				SDKROOT = iphoneos;
				SWIFT_COMPILATION_MODE = wholemodule;
				SWIFT_OPTIMIZATION_LEVEL = "-O";
				VALIDATE_PRODUCT = YES;
			};
			name = Release;
		};
		1B1F4E062A886AA400F534A3 /* Debug */ = {
			isa = XCBuildConfiguration;
			buildSettings = {
				ASSETCATALOG_COMPILER_APPICON_NAME = AppIcon;
				ASSETCATALOG_COMPILER_GLOBAL_ACCENT_COLOR_NAME = AccentColor;
				CODE_SIGN_STYLE = Automatic;
				CURRENT_PROJECT_VERSION = 1;
				DEVELOPMENT_ASSET_PATHS = "\"CoordinatorTest/Preview Content\"";
				DEVELOPMENT_TEAM = L3ZPWB4HNK;
				ENABLE_PREVIEWS = YES;
				GENERATE_INFOPLIST_FILE = YES;
				INFOPLIST_KEY_UIApplicationSceneManifest_Generation = YES;
				INFOPLIST_KEY_UIApplicationSupportsIndirectInputEvents = YES;
				INFOPLIST_KEY_UILaunchScreen_Generation = YES;
				INFOPLIST_KEY_UISupportedInterfaceOrientations_iPad = "UIInterfaceOrientationPortrait UIInterfaceOrientationPortraitUpsideDown UIInterfaceOrientationLandscapeLeft UIInterfaceOrientationLandscapeRight";
				INFOPLIST_KEY_UISupportedInterfaceOrientations_iPhone = "UIInterfaceOrientationPortrait UIInterfaceOrientationLandscapeLeft UIInterfaceOrientationLandscapeRight";
				IPHONEOS_DEPLOYMENT_TARGET = 14.0;
				LD_RUNPATH_SEARCH_PATHS = (
					"$(inherited)",
					"@executable_path/Frameworks",
				);
				MARKETING_VERSION = 1.0;
				PRODUCT_BUNDLE_IDENTIFIER = com.sanghwiback.CoordinatorTest;
				PRODUCT_NAME = "$(TARGET_NAME)";
				SUPPORTED_PLATFORMS = "iphoneos iphonesimulator";
				SUPPORTS_MACCATALYST = NO;
				SUPPORTS_MAC_DESIGNED_FOR_IPHONE_IPAD = NO;
				SWIFT_EMIT_LOC_STRINGS = YES;
				SWIFT_VERSION = 5.0;
				TARGETED_DEVICE_FAMILY = 1;
			};
			name = Debug;
		};
		1B1F4E072A886AA400F534A3 /* Release */ = {
			isa = XCBuildConfiguration;
			buildSettings = {
				ASSETCATALOG_COMPILER_APPICON_NAME = AppIcon;
				ASSETCATALOG_COMPILER_GLOBAL_ACCENT_COLOR_NAME = AccentColor;
				CODE_SIGN_STYLE = Automatic;
				CURRENT_PROJECT_VERSION = 1;
				DEVELOPMENT_ASSET_PATHS = "\"CoordinatorTest/Preview Content\"";
				DEVELOPMENT_TEAM = L3ZPWB4HNK;
				ENABLE_PREVIEWS = YES;
				GENERATE_INFOPLIST_FILE = YES;
				INFOPLIST_KEY_UIApplicationSceneManifest_Generation = YES;
				INFOPLIST_KEY_UIApplicationSupportsIndirectInputEvents = YES;
				INFOPLIST_KEY_UILaunchScreen_Generation = YES;
				INFOPLIST_KEY_UISupportedInterfaceOrientations_iPad = "UIInterfaceOrientationPortrait UIInterfaceOrientationPortraitUpsideDown UIInterfaceOrientationLandscapeLeft UIInterfaceOrientationLandscapeRight";
				INFOPLIST_KEY_UISupportedInterfaceOrientations_iPhone = "UIInterfaceOrientationPortrait UIInterfaceOrientationLandscapeLeft UIInterfaceOrientationLandscapeRight";
				IPHONEOS_DEPLOYMENT_TARGET = 14.0;
				LD_RUNPATH_SEARCH_PATHS = (
					"$(inherited)",
					"@executable_path/Frameworks",
				);
				MARKETING_VERSION = 1.0;
				PRODUCT_BUNDLE_IDENTIFIER = com.sanghwiback.CoordinatorTest;
				PRODUCT_NAME = "$(TARGET_NAME)";
				SUPPORTED_PLATFORMS = "iphoneos iphonesimulator";
				SUPPORTS_MACCATALYST = NO;
				SUPPORTS_MAC_DESIGNED_FOR_IPHONE_IPAD = NO;
				SWIFT_EMIT_LOC_STRINGS = YES;
				SWIFT_VERSION = 5.0;
				TARGETED_DEVICE_FAMILY = 1;
			};
			name = Release;
		};
/* End XCBuildConfiguration section */

/* Begin XCConfigurationList section */
		1B1F4DF22A886AA200F534A3 /* Build configuration list for PBXProject "CoordinatorTest" */ = {
			isa = XCConfigurationList;
			buildConfigurations = (
				1B1F4E032A886AA400F534A3 /* Debug */,
				1B1F4E042A886AA400F534A3 /* Release */,
			);
			defaultConfigurationIsVisible = 0;
			defaultConfigurationName = Release;
		};
		1B1F4E052A886AA400F534A3 /* Build configuration list for PBXNativeTarget "CoordinatorTest" */ = {
			isa = XCConfigurationList;
			buildConfigurations = (
				1B1F4E062A886AA400F534A3 /* Debug */,
				1B1F4E072A886AA400F534A3 /* Release */,
			);
			defaultConfigurationIsVisible = 0;
			defaultConfigurationName = Release;
		};
/* End XCConfigurationList section */
	};
	rootObject = 1B1F4DEF2A886AA200F534A3 /* Project object */;
}
